# This file is generated by running "yarn install" inside your project.
# Manual changes might be lost - proceed with caution!

__metadata:
  version: 10
  cacheKey: 10

"@babel/runtime@npm:^7.28.6":
  version: 7.29.7
  resolution: "@babel/runtime@npm:7.29.7"
  checksum: 10/9883b4951787779fd382b121f22f92966d85f19434841f65fb00b2dfec232107e139683f47c6f252891826ad8ee18317b46c3a0e4819116a9885f47b46d7126a
  languageName: node
  linkType: hard

"@types/react@npm:^19.0.0":
  version: 19.2.18
  resolution: "@types/react@npm:19.2.18"
  dependencies:
    csstype: "npm:^3.2.2"
  checksum: 10/c718ec5c5272ef5c1c77fcdd07f567c77197b593583539459b4bdaea89ca55ad7c814b7eb2151dccfa459b2c384b599a45e7e35550b789883d66b363d30c94d8
  languageName: node
  linkType: hard

"askit@https://github.com/boomsi/askit.git#main":
  version: 0.1.0
  resolution: "askit@https://github.com/boomsi/askit.git#commit=5cf77349e4d91b080118dcd86d7be98d0ab7f277"
  peerDependencies:
    react: ^19.0.0
    react-native: ^0.79.0
    rill: "workspace:*"
  peerDependenciesMeta:
    react-native:
      optional: true
  checksum: 10/96f8cce74805d2e73d6f47f2969a906ad403a2b31e847e3c67da3c2aa850e9c1914d165e402ba4c7c2cb13173913a4c045ffc5f2bc2966c0c31741cf4f86634a
  languageName: node
  linkType: hard

"counterapp@workspace:.":
  version: 0.0.0-use.local
  resolution: "counterapp@workspace:."
  dependencies:
    "@types/react": "npm:^19.0.0"
    askit: "https://github.com/boomsi/askit.git#main"
    dayjs: "npm:^1.11.19"
    keel: "https://github.com/boomsi/rill.git#main"
    react: "npm:^19.0.0"
    typescript: "npm:^5.7.2"
  languageName: unknown
  linkType: soft

"csstype@npm:^3.2.2":
  version: 3.2.3
  resolution: "csstype@npm:3.2.3"
  checksum: 10/ad41baf7e2ffac65ab544d79107bf7cd1a4bb9bab9ac3302f59ab4ba655d5e30942a8ae46e10ba160c6f4ecea464cc95b975ca2fefbdeeacd6ac63f12f99fe1f
  languageName: node
  linkType: hard

"dayjs@npm:^1.11.19":
  version: 1.11.23
  resolution: "dayjs@npm:1.11.23"
  checksum: 10/61d29544ca1553369f75541b5abf9c1bb6a978991498923a2d5721c9df3eca513b2c15ff5534de6930dc553de5d6f2b8f8047149f3528df906b21f51df637463
  languageName: node
  linkType: hard

"keel@https://github.com/boomsi/rill.git#main":
  version: 0.1.0
  resolution: "keel@https://github.com/boomsi/rill.git#commit=ae153c9893ca0e6e7f30afdd483b6db87098740c"
  dependencies:
    "@babel/runtime": "npm:^7.28.6"
  peerDependencies:
    react: ">=18.0.0"
    react-dom: ">=18.0.0"
    react-native: ">=0.70.0"
    react-native-web: ">=0.19.0"
  peerDependenciesMeta:
    react-dom:
      optional: true
    react-native:
      optional: true
    react-native-web:
      optional: true
  bin:
    rill: ./src/cli/bin.ts
  checksum: 10/7c85e4a93b9f3dd24376326145b589488da225b75fd26833a87239e1017dfe5d27cca797522dd0bfd179562b597903304ef20371b514368ebd2b6e08309ec46b
  languageName: node
  linkType: hard

"react@npm:^19.0.0":
  version: 19.2.8
  resolution: "react@npm:19.2.8"
  checksum: 10/a3c697798035e295ca9e51591d3a8700824535cb8c070fac1f8abbe69717ceb99108cbc4ba7b31a606806f336b1eba705705f63b9d39ace198fe51e8990ac843
  languageName: node
  linkType: hard

"typescript@npm:^5.7.2":
  version: 5.9.3
  resolution: "typescript@npm:5.9.3"
  bin:
    tsc: bin/tsc
    tsserver: bin/tsserver
  checksum: 10/c089d9d3da2729fd4ac517f9b0e0485914c4b3c26f80dc0cffcb5de1719a17951e92425d55db59515c1a7ddab65808466debb864d0d56dcf43f27007d0709594
  languageName: node
  linkType: hard

"typescript@patch:typescript@npm%3A^5.7.2#optional!builtin<compat/typescript>":
  version: 5.9.3
  resolution: "typescript@patch:typescript@npm%3A5.9.3#optional!builtin<compat/typescript>::version=5.9.3&hash=5786d5"
  bin:
    tsc: bin/tsc
    tsserver: bin/tsserver
  checksum: 10/696e1b017bc2635f4e0c94eb4435357701008e2f272f553d06e35b494b8ddc60aa221145e286c28ace0c89ee32827a28c2040e3a69bdc108b1a5dc8fb40b72e3
  languageName: node
  linkType: hard
